
Microsoft Visual Studio Solution File, Format Version 12.00
# Visual Studio Version 17
VisualStudioVersion = 17.10.34928.147
MinimumVisualStudioVersion = 10.0.40219.1
Project("{9A19103F-16F7-4668-BE54-9A1E7A4F7556}") = "SuperAdventure", "SuperAdventure\SuperAdventure.csproj", "{4C654FD1-F01A-4D22-A388-8BF69B731B29}"
EndProject
Project("{FAE04EC0-301F-11D3-BF4B-00C04F79EFBC}") = "Engine", "Engine\Engine.csproj", "{B9F107CA-3841-488E-B40E-482FDA68E7BB}"
EndProject
Global
	GlobalSection(SolutionConfigurationPlatforms) = preSolution
		Debug|Any CPU = Debug|Any CPU
		Release|Any CPU = Release|Any CPU
	EndGlobalSection
	GlobalSection(ProjectConfigurationPlatforms) = postSolution
		{4C654FD1-F01A-4D22-A388-8BF69B731B29}.Debug|Any CPU.ActiveCfg = Debug|Any CPU
		{4C654FD1-F01A-4D22-A388-8BF69B731B29}.Debug|Any CPU.Build.0 = Debug|Any CPU
		{4C654FD1-F01A-4D22-A388-8BF69B731B29}.Release|Any CPU.ActiveCfg = Release|Any CPU
		{4C654FD1-F01A-4D22-A388-8BF69B731B29}.Release|Any CPU.Build.0 = Release|Any CPU
		{B9F107CA-3841-488E-B40E-482FDA68E7BB}.Debug|Any CPU.ActiveCfg = Debug|Any CPU
		{B9F107CA-3841-488E-B40E-482FDA68E7BB}.Debug|Any CPU.Build.0 = Debug|Any CPU
		{B9F107CA-3841-488E-B40E-482FDA68E7BB}.Release|Any CPU.ActiveCfg = Release|Any CPU
		{B9F107CA-3841-488E-B40E-482FDA68E7BB}.Release|Any CPU.Build.0 = Release|Any CPU
	EndGlobalSection
	GlobalSection(SolutionProperties) = preSolution
		HideSolutionNode = FALSE
	EndGlobalSection
	GlobalSection(ExtensibilityGlobals) = postSolution
		SolutionGuid = {36EB5458-2BDC-4369-8496-DAE86648E2CA}
	EndGlobalSection
EndGlobal
